
Microsoft Visual Studio Solution File, Format Version 12.00
# Visual Studio Version 17
VisualStudioVersion = 17.6.33829.357
MinimumVisualStudioVersion = 10.0.40219.1
Project("{FAE04EC0-301F-11D3-BF4B-00C04F79EFBC}") = "WebAppCorreo", "WebAppCorreo\WebAppCorreo.csproj", "{D522F7C7-D7F7-4220-98F5-B58D87B5E1AF}"
EndProject
Global
	GlobalSection(SolutionConfigurationPlatforms) = preSolution
		Debug|Any CPU = Debug|Any CPU
		Release|Any CPU = Release|Any CPU
	EndGlobalSection
	GlobalSection(ProjectConfigurationPlatforms) = postSolution
		{D522F7C7-D7F7-4220-98F5-B58D87B5E1AF}.Debug|Any CPU.ActiveCfg = Debug|Any CPU
		{D522F7C7-D7F7-4220-98F5-B58D87B5E1AF}.Debug|Any CPU.Build.0 = Debug|Any CPU
		{D522F7C7-D7F7-4220-98F5-B58D87B5E1AF}.Release|Any CPU.ActiveCfg = Release|Any CPU
		{D522F7C7-D7F7-4220-98F5-B58D87B5E1AF}.Release|Any CPU.Build.0 = Release|Any CPU
	EndGlobalSection
	GlobalSection(SolutionProperties) = preSolution
		HideSolutionNode = FALSE
	EndGlobalSection
	GlobalSection(ExtensibilityGlobals) = postSolution
		SolutionGuid = {5BCA58FE-768E-4971-AB91-5F6BBC7EEAD3}
	EndGlobalSection
EndGlobal
